
Microsoft Visual Studio Solution File, Format Version 12.00
# Visual Studio Version 17
VisualStudioVersion = 17.5.33516.290
MinimumVisualStudioVersion = 10.0.40219.1
Project("{9A19103F-16F7-4668-BE54-9A1E7A4F7556}") = "BackEndWebAPI", "ClassManagementSystem\BackEndWebAPI.csproj", "{86AFE4DE-1D2D-453C-B947-16166CAAD140}"
EndProject
Project("{9A19103F-16F7-4668-BE54-9A1E7A4F7556}") = "FrontEnd(MVC)", "FrontEnd(MVC)\FrontEnd(MVC).csproj", "{474FA850-DE7C-4D1F-8AB8-587EAE8C84C5}"
EndProject
Project("{9A19103F-16F7-4668-BE54-9A1E7A4F7556}") = "APIDAL", "APIDAL\APIDAL.csproj", "{B20C9109-2CE1-4DBB-8D4D-290BB92B191E}"
EndProject
Project("{9A19103F-16F7-4668-BE54-9A1E7A4F7556}") = "APIDomainEntities", "DomainEntities\APIDomainEntities.csproj", "{AACEB90F-B045-4C58-9677-993A315E0764}"
EndProject
Project("{9A19103F-16F7-4668-BE54-9A1E7A4F7556}") = "APIDTOs", "DTOs\APIDTOs.csproj", "{D5EC52AE-6D39-4808-83A9-37DC36C4F7B8}"
EndProject
Project("{FAE04EC0-301F-11D3-BF4B-00C04F79EFBC}") = "MvcDAL", "MvcDAL\MvcDAL.csproj", "{690CE88D-D8C3-4F54-A6C5-A36C0601CECC}"
EndProject
Global
	GlobalSection(SolutionConfigurationPlatforms) = preSolution
		Debug|Any CPU = Debug|Any CPU
		Release|Any CPU = Release|Any CPU
	EndGlobalSection
	GlobalSection(ProjectConfigurationPlatforms) = postSolution
		{86AFE4DE-1D2D-453C-B947-16166CAAD140}.Debug|Any CPU.ActiveCfg = Debug|Any CPU
		{86AFE4DE-1D2D-453C-B947-16166CAAD140}.Debug|Any CPU.Build.0 = Debug|Any CPU
		{86AFE4DE-1D2D-453C-B947-16166CAAD140}.Release|Any CPU.ActiveCfg = Release|Any CPU
		{86AFE4DE-1D2D-453C-B947-16166CAAD140}.Release|Any CPU.Build.0 = Release|Any CPU
		{474FA850-DE7C-4D1F-8AB8-587EAE8C84C5}.Debug|Any CPU.ActiveCfg = Debug|Any CPU
		{474FA850-DE7C-4D1F-8AB8-587EAE8C84C5}.Debug|Any CPU.Build.0 = Debug|Any CPU
		{474FA850-DE7C-4D1F-8AB8-587EAE8C84C5}.Release|Any CPU.ActiveCfg = Release|Any CPU
		{474FA850-DE7C-4D1F-8AB8-587EAE8C84C5}.Release|Any CPU.Build.0 = Release|Any CPU
		{B20C9109-2CE1-4DBB-8D4D-290BB92B191E}.Debug|Any CPU.ActiveCfg = Debug|Any CPU
		{B20C9109-2CE1-4DBB-8D4D-290BB92B191E}.Debug|Any CPU.Build.0 = Debug|Any CPU
		{B20C9109-2CE1-4DBB-8D4D-290BB92B191E}.Release|Any CPU.ActiveCfg = Release|Any CPU
		{B20C9109-2CE1-4DBB-8D4D-290BB92B191E}.Release|Any CPU.Build.0 = Release|Any CPU
		{AACEB90F-B045-4C58-9677-993A315E0764}.Debug|Any CPU.ActiveCfg = Debug|Any CPU
		{AACEB90F-B045-4C58-9677-993A315E0764}.Debug|Any CPU.Build.0 = Debug|Any CPU
		{AACEB90F-B045-4C58-9677-993A315E0764}.Release|Any CPU.ActiveCfg = Release|Any CPU
		{AACEB90F-B045-4C58-9677-993A315E0764}.Release|Any CPU.Build.0 = Release|Any CPU
		{D5EC52AE-6D39-4808-83A9-37DC36C4F7B8}.Debug|Any CPU.ActiveCfg = Debug|Any CPU
		{D5EC52AE-6D39-4808-83A9-37DC36C4F7B8}.Debug|Any CPU.Build.0 = Debug|Any CPU
		{D5EC52AE-6D39-4808-83A9-37DC36C4F7B8}.Release|Any CPU.ActiveCfg = Release|Any CPU
		{D5EC52AE-6D39-4808-83A9-37DC36C4F7B8}.Release|Any CPU.Build.0 = Release|Any CPU
		{690CE88D-D8C3-4F54-A6C5-A36C0601CECC}.Debug|Any CPU.ActiveCfg = Debug|Any CPU
		{690CE88D-D8C3-4F54-A6C5-A36C0601CECC}.Debug|Any CPU.Build.0 = Debug|Any CPU
		{690CE88D-D8C3-4F54-A6C5-A36C0601CECC}.Release|Any CPU.ActiveCfg = Release|Any CPU
		{690CE88D-D8C3-4F54-A6C5-A36C0601CECC}.Release|Any CPU.Build.0 = Release|Any CPU
	EndGlobalSection
	GlobalSection(SolutionProperties) = preSolution
		HideSolutionNode = FALSE
	EndGlobalSection
	GlobalSection(ExtensibilityGlobals) = postSolution
		SolutionGuid = {57B17424-0FDE-4D9B-8404-0C21DBAF5C4B}
	EndGlobalSection
EndGlobal
